
Microsoft Visual Studio Solution File, Format Version 12.00
# Visual Studio Version 17
VisualStudioVersion = 17.1.32407.343
MinimumVisualStudioVersion = 10.0.40219.1
Project("{FAE04EC0-301F-11D3-BF4B-00C04F79EFBC}") = "Composicao", "Composicao\Composicao.csproj", "{0A53A5AC-F75B-4C80-A0AA-B5191BB6F7AF}"
EndProject
Global
	GlobalSection(SolutionConfigurationPlatforms) = preSolution
		Debug|Any CPU = Debug|Any CPU
		Release|Any CPU = Release|Any CPU
	EndGlobalSection
	GlobalSection(ProjectConfigurationPlatforms) = postSolution
		{0A53A5AC-F75B-4C80-A0AA-B5191BB6F7AF}.Debug|Any CPU.ActiveCfg = Debug|Any CPU
		{0A53A5AC-F75B-4C80-A0AA-B5191BB6F7AF}.Debug|Any CPU.Build.0 = Debug|Any CPU
		{0A53A5AC-F75B-4C80-A0AA-B5191BB6F7AF}.Release|Any CPU.ActiveCfg = Release|Any CPU
		{0A53A5AC-F75B-4C80-A0AA-B5191BB6F7AF}.Release|Any CPU.Build.0 = Release|Any CPU
	EndGlobalSection
	GlobalSection(SolutionProperties) = preSolution
		HideSolutionNode = FALSE
	EndGlobalSection
	GlobalSection(ExtensibilityGlobals) = postSolution
		SolutionGuid = {940F1A87-C8A1-4BA6-8F03-9579962110BA}
	EndGlobalSection
EndGlobal
